{
    "version": 3,
    "terraform_version": "0.11.1",
    "serial": 13,
    "lineage": "ce73eeda-f716-43a7-bacb-b1cf074e081c",
    "modules": [
        {
            "path": [
                "root"
            ],
            "outputs": {},
            "resources": {
                "aws_instance.example": {
                    "type": "aws_instance",
                    "depends_on": [
                        "aws_key_pair.mykey"
                    ],
                    "primary": {
                        "id": "i-0bbcca1deba9adaf6",
                        "attributes": {
                            "ami": "ami-d783a9b8",
                            "arn": "arn:aws:ec2:ap-south-1:287016550746:instance/i-0bbcca1deba9adaf6",
                            "associate_public_ip_address": "true",
                            "availability_zone": "ap-south-1a",
                            "cpu_core_count": "1",
                            "cpu_threads_per_core": "1",
                            "credit_specification.#": "1",
                            "credit_specification.0.cpu_credits": "standard",
                            "disable_api_termination": "false",
                            "ebs_block_device.#": "0",
                            "ebs_optimized": "false",
                            "ephemeral_block_device.#": "0",
                            "get_password_data": "false",
                            "iam_instance_profile": "",
                            "id": "i-0bbcca1deba9adaf6",
                            "instance_state": "running",
                            "instance_type": "t2.micro",
                            "ipv6_addresses.#": "0",
                            "key_name": "mykey",
                            "monitoring": "false",
                            "network_interface.#": "0",
                            "network_interface_id": "eni-017e2d1ce8014b652",
                            "password_data": "",
                            "placement_group": "",
                            "primary_network_interface_id": "eni-017e2d1ce8014b652",
                            "private_dns": "ip-172-31-26-181.ap-south-1.compute.internal",
                            "private_ip": "172.31.26.181",
                            "public_dns": "ec2-13-127-153-25.ap-south-1.compute.amazonaws.com",
                            "public_ip": "13.127.153.25",
                            "root_block_device.#": "1",
                            "root_block_device.0.delete_on_termination": "true",
                            "root_block_device.0.iops": "100",
                            "root_block_device.0.volume_id": "vol-0c823297ddf5f551d",
                            "root_block_device.0.volume_size": "8",
                            "root_block_device.0.volume_type": "gp2",
                            "security_groups.#": "1",
                            "security_groups.3814588639": "default",
                            "source_dest_check": "true",
                            "subnet_id": "subnet-f059c798",
                            "tags.%": "0",
                            "tenancy": "default",
                            "volume_tags.%": "0",
                            "vpc_security_group_ids.#": "1",
                            "vpc_security_group_ids.1452001248": "sg-10fcab7b"
                        },
                        "meta": {
                            "e2bfb730-ecaa-11e6-8f88-34363bc7c4c0": {
                                "create": 600000000000,
                                "delete": 1200000000000,
                                "update": 600000000000
                            },
                            "schema_version": "1"
                        },
                        "tainted": false
                    },
                    "deposed": [],
                    "provider": "provider.aws"
                },
                "aws_key_pair.mykey": {
                    "type": "aws_key_pair",
                    "depends_on": [],
                    "primary": {
                        "id": "mykey",
                        "attributes": {
                            "fingerprint": "0b:61:21:91:8c:47:2a:e3:cc:5d:16:91:86:26:61:59",
                            "id": "mykey",
                            "key_name": "mykey",
                            "public_key": "ssh-rsa AAAAB3NzaC1yc2EAAAADAQABAAABAQCpS5aXBo1iO4mWJ4PU5Lme52escT/uUslz7jfzGLVGenh47jx3wZ7nGTFF6Fp4ul5/CUp7/Bk9A9Bi40uxmnNLvZSOC0aCsRgvA/VPRp7jRNjVgT62HlrfWF4Nv/OkUcxhi3a0iM5aQHlxbIgXqArnH6F2+Q0p6DTWIN7EnR6YOhjLBOu5FkHc1I7vyxNwCsfxuMwVngcDwK21iCgO6SIvzr3TdszU/wcVhweHVGjvoQefuOwNBiZnTnuq5C47XvtZfV3T+wTQyW2yKmgGj5dFfn6ayNA2rFd8A7UmY2aZNJ2ltIR+txj8MyXbz4fY/LwlMlG5uaG8UXKnrVihvjH7 root@privatelabs.com"
                        },
                        "meta": {
                            "schema_version": "1"
                        },
                        "tainted": false
                    },
                    "deposed": [],
                    "provider": "provider.aws"
                }
            },
            "depends_on": []
        }
    ]
}
